
Microsoft Visual Studio Solution File, Format Version 12.00
# Visual Studio Version 16
VisualStudioVersion = 16.0.30523.141
MinimumVisualStudioVersion = 10.0.40219.1
Project("{9A19103F-16F7-4668-BE54-9A1E7A4F7556}") = "CarM8_01", "CarM8_01.csproj", "{F8896E31-39A1-4A79-B90C-71BB8C011F16}"
EndProject
Global
	GlobalSection(SolutionConfigurationPlatforms) = preSolution
		Debug|Any CPU = Debug|Any CPU
		Release|Any CPU = Release|Any CPU
	EndGlobalSection
	GlobalSection(ProjectConfigurationPlatforms) = postSolution
		{F8896E31-39A1-4A79-B90C-71BB8C011F16}.Debug|Any CPU.ActiveCfg = Debug|Any CPU
		{F8896E31-39A1-4A79-B90C-71BB8C011F16}.Debug|Any CPU.Build.0 = Debug|Any CPU
		{F8896E31-39A1-4A79-B90C-71BB8C011F16}.Release|Any CPU.ActiveCfg = Release|Any CPU
		{F8896E31-39A1-4A79-B90C-71BB8C011F16}.Release|Any CPU.Build.0 = Release|Any CPU
	EndGlobalSection
	GlobalSection(SolutionProperties) = preSolution
		HideSolutionNode = FALSE
	EndGlobalSection
	GlobalSection(ExtensibilityGlobals) = postSolution
		SolutionGuid = {73C491F5-ABD3-46DD-A37F-5D505F178F53}
	EndGlobalSection
EndGlobal
